
Microsoft Visual Studio Solution File, Format Version 12.00
# Visual Studio Version 17
VisualStudioVersion = 17.11.35219.272
MinimumVisualStudioVersion = 10.0.40219.1
Project("{FAE04EC0-301F-11D3-BF4B-00C04F79EFBC}") = "Veeb-MT", "Veeb-MT\Veeb-MT.csproj", "{4EBC7182-85BE-4C89-8D41-70536C5ED2ED}"
EndProject
Global
	GlobalSection(SolutionConfigurationPlatforms) = preSolution
		Debug|Any CPU = Debug|Any CPU
		Release|Any CPU = Release|Any CPU
	EndGlobalSection
	GlobalSection(ProjectConfigurationPlatforms) = postSolution
		{4EBC7182-85BE-4C89-8D41-70536C5ED2ED}.Debug|Any CPU.ActiveCfg = Debug|Any CPU
		{4EBC7182-85BE-4C89-8D41-70536C5ED2ED}.Debug|Any CPU.Build.0 = Debug|Any CPU
		{4EBC7182-85BE-4C89-8D41-70536C5ED2ED}.Release|Any CPU.ActiveCfg = Release|Any CPU
		{4EBC7182-85BE-4C89-8D41-70536C5ED2ED}.Release|Any CPU.Build.0 = Release|Any CPU
	EndGlobalSection
	GlobalSection(SolutionProperties) = preSolution
		HideSolutionNode = FALSE
	EndGlobalSection
	GlobalSection(ExtensibilityGlobals) = postSolution
		SolutionGuid = {88946F14-5C84-4FB8-8B15-292F33084055}
	EndGlobalSection
EndGlobal
